
Microsoft Visual Studio Solution File, Format Version 12.00
# Visual Studio Version 17
VisualStudioVersion = 17.14.36915.13
MinimumVisualStudioVersion = 10.0.40219.1
Project("{FAE04EC0-301F-11D3-BF4B-00C04F79EFBC}") = "GeniiIdiotConsoleApp", "GeniiIdiotConsoleApp\GeniiIdiotConsoleApp.csproj", "{58E8C0F6-EDA9-45D7-87B7-760D5522596A}"
EndProject
Project("{FAE04EC0-301F-11D3-BF4B-00C04F79EFBC}") = "TestTameClass", "TestTameClass\TestTameClass.csproj", "{8BDDFC0F-3480-44D6-8999-EDDEA2FE2080}"
EndProject
Project("{FAE04EC0-301F-11D3-BF4B-00C04F79EFBC}") = "OneMoreClass", "OneMoreClass\OneMoreClass.csproj", "{9DC41A6D-820A-4471-BB53-856382025C0E}"
EndProject
Global
	GlobalSection(SolutionConfigurationPlatforms) = preSolution
		Debug|Any CPU = Debug|Any CPU
		Release|Any CPU = Release|Any CPU
	EndGlobalSection
	GlobalSection(ProjectConfigurationPlatforms) = postSolution
		{58E8C0F6-EDA9-45D7-87B7-760D5522596A}.Debug|Any CPU.ActiveCfg = Debug|Any CPU
		{58E8C0F6-EDA9-45D7-87B7-760D5522596A}.Debug|Any CPU.Build.0 = Debug|Any CPU
		{58E8C0F6-EDA9-45D7-87B7-760D5522596A}.Release|Any CPU.ActiveCfg = Release|Any CPU
		{58E8C0F6-EDA9-45D7-87B7-760D5522596A}.Release|Any CPU.Build.0 = Release|Any CPU
		{8BDDFC0F-3480-44D6-8999-EDDEA2FE2080}.Debug|Any CPU.ActiveCfg = Debug|Any CPU
		{8BDDFC0F-3480-44D6-8999-EDDEA2FE2080}.Debug|Any CPU.Build.0 = Debug|Any CPU
		{8BDDFC0F-3480-44D6-8999-EDDEA2FE2080}.Release|Any CPU.ActiveCfg = Release|Any CPU
		{8BDDFC0F-3480-44D6-8999-EDDEA2FE2080}.Release|Any CPU.Build.0 = Release|Any CPU
		{9DC41A6D-820A-4471-BB53-856382025C0E}.Debug|Any CPU.ActiveCfg = Debug|Any CPU
		{9DC41A6D-820A-4471-BB53-856382025C0E}.Debug|Any CPU.Build.0 = Debug|Any CPU
		{9DC41A6D-820A-4471-BB53-856382025C0E}.Release|Any CPU.ActiveCfg = Release|Any CPU
		{9DC41A6D-820A-4471-BB53-856382025C0E}.Release|Any CPU.Build.0 = Release|Any CPU
	EndGlobalSection
	GlobalSection(SolutionProperties) = preSolution
		HideSolutionNode = FALSE
	EndGlobalSection
	GlobalSection(ExtensibilityGlobals) = postSolution
		SolutionGuid = {BF8CAFF0-DCF2-4D73-A08B-813D95713150}
	EndGlobalSection
EndGlobal
